
Microsoft Visual Studio Solution File, Format Version 12.00
# Visual Studio Version 16
VisualStudioVersion = 16.0.30114.105
MinimumVisualStudioVersion = 10.0.40219.1
Project("{FAE04EC0-301F-11D3-BF4B-00C04F79EFBC}") = "CLI_Tool", "CLI\CLI_Tool.csproj", "{6B64BE01-BA54-4CAF-8385-A0DB46C589D6}"
EndProject
Project("{FAE04EC0-301F-11D3-BF4B-00C04F79EFBC}") = "Tests", "Tests\Tests.csproj", "{DED5CD6B-8E65-46EF-8626-46AAAC16EDB6}"
EndProject
Project("{FAE04EC0-301F-11D3-BF4B-00C04F79EFBC}") = "GbUtil", "GbUtil\GbUtil.csproj", "{231B411C-7DA7-42BE-94D7-E72FB720238D}"
EndProject
Global
	GlobalSection(SolutionConfigurationPlatforms) = preSolution
		Debug|Any CPU = Debug|Any CPU
		Release|Any CPU = Release|Any CPU
	EndGlobalSection
	GlobalSection(SolutionProperties) = preSolution
		HideSolutionNode = FALSE
	EndGlobalSection
	GlobalSection(ProjectConfigurationPlatforms) = postSolution
		{6B64BE01-BA54-4CAF-8385-A0DB46C589D6}.Debug|Any CPU.ActiveCfg = Debug|Any CPU
		{6B64BE01-BA54-4CAF-8385-A0DB46C589D6}.Debug|Any CPU.Build.0 = Debug|Any CPU
		{6B64BE01-BA54-4CAF-8385-A0DB46C589D6}.Release|Any CPU.ActiveCfg = Release|Any CPU
		{6B64BE01-BA54-4CAF-8385-A0DB46C589D6}.Release|Any CPU.Build.0 = Release|Any CPU
		{DED5CD6B-8E65-46EF-8626-46AAAC16EDB6}.Debug|Any CPU.ActiveCfg = Debug|Any CPU
		{DED5CD6B-8E65-46EF-8626-46AAAC16EDB6}.Debug|Any CPU.Build.0 = Debug|Any CPU
		{DED5CD6B-8E65-46EF-8626-46AAAC16EDB6}.Release|Any CPU.ActiveCfg = Release|Any CPU
		{DED5CD6B-8E65-46EF-8626-46AAAC16EDB6}.Release|Any CPU.Build.0 = Release|Any CPU
		{231B411C-7DA7-42BE-94D7-E72FB720238D}.Debug|Any CPU.ActiveCfg = Debug|Any CPU
		{231B411C-7DA7-42BE-94D7-E72FB720238D}.Debug|Any CPU.Build.0 = Debug|Any CPU
		{231B411C-7DA7-42BE-94D7-E72FB720238D}.Release|Any CPU.ActiveCfg = Release|Any CPU
		{231B411C-7DA7-42BE-94D7-E72FB720238D}.Release|Any CPU.Build.0 = Release|Any CPU
	EndGlobalSection
EndGlobal
